
Microsoft Visual Studio Solution File, Format Version 12.00
# Visual Studio 2013
VisualStudioVersion = 12.0.30723.0
MinimumVisualStudioVersion = 10.0.40219.1
Project("{FAE04EC0-301F-11D3-BF4B-00C04F79EFBC}") = "Calculator.Calculator", "Calculator.Calculator\Calculator.Calculator.csproj", "{906CF9B9-D85E-4966-9160-838AB1638339}"
EndProject
Project("{FAE04EC0-301F-11D3-BF4B-00C04F79EFBC}") = "Calculator.Test", "Calculator.Test\Calculator.Test.csproj", "{C070C172-8B35-4E3E-859A-F6FFB7F1314C}"
EndProject
Global
	GlobalSection(SolutionConfigurationPlatforms) = preSolution
		Debug|Any CPU = Debug|Any CPU
		Release|Any CPU = Release|Any CPU
	EndGlobalSection
	GlobalSection(ProjectConfigurationPlatforms) = postSolution
		{906CF9B9-D85E-4966-9160-838AB1638339}.Debug|Any CPU.ActiveCfg = Debug|Any CPU
		{906CF9B9-D85E-4966-9160-838AB1638339}.Debug|Any CPU.Build.0 = Debug|Any CPU
		{906CF9B9-D85E-4966-9160-838AB1638339}.Release|Any CPU.ActiveCfg = Release|Any CPU
		{906CF9B9-D85E-4966-9160-838AB1638339}.Release|Any CPU.Build.0 = Release|Any CPU
		{C070C172-8B35-4E3E-859A-F6FFB7F1314C}.Debug|Any CPU.ActiveCfg = Debug|Any CPU
		{C070C172-8B35-4E3E-859A-F6FFB7F1314C}.Debug|Any CPU.Build.0 = Debug|Any CPU
		{C070C172-8B35-4E3E-859A-F6FFB7F1314C}.Release|Any CPU.ActiveCfg = Release|Any CPU
		{C070C172-8B35-4E3E-859A-F6FFB7F1314C}.Release|Any CPU.Build.0 = Release|Any CPU
	EndGlobalSection
	GlobalSection(SolutionProperties) = preSolution
		HideSolutionNode = FALSE
	EndGlobalSection
EndGlobal
